
Microsoft Visual Studio Solution File, Format Version 12.00
# Visual Studio 15
VisualStudioVersion = 15.0.27703.2035
MinimumVisualStudioVersion = 10.0.40219.1
Project("{888888A0-9F3D-457C-B088-3A5042F75D52}") = "Python00", "Python00\Python00.pyproj", "{82F11A21-0BDB-4406-A90E-20F6CC4A4587}"
EndProject
Global
	GlobalSection(SolutionConfigurationPlatforms) = preSolution
		Debug|Any CPU = Debug|Any CPU
		Release|Any CPU = Release|Any CPU
	EndGlobalSection
	GlobalSection(ProjectConfigurationPlatforms) = postSolution
		{82F11A21-0BDB-4406-A90E-20F6CC4A4587}.Debug|Any CPU.ActiveCfg = Debug|Any CPU
		{82F11A21-0BDB-4406-A90E-20F6CC4A4587}.Release|Any CPU.ActiveCfg = Release|Any CPU
	EndGlobalSection
	GlobalSection(SolutionProperties) = preSolution
		HideSolutionNode = FALSE
	EndGlobalSection
	GlobalSection(ExtensibilityGlobals) = postSolution
		SolutionGuid = {A4D88E92-E432-421C-8336-E58AA665E3D4}
	EndGlobalSection
EndGlobal
